// !$*UTF8*$!
{
	archiveVersion = 1;
	classes = {
	};
	objectVersion = 51;
	objects = {

/* Begin PBXBuildFile section */
		4721464427659AD1003792AB /* EMRecordDetailController.swift in Sources */ = {isa = PBXBuildFile; fileRef = 4721464327659AD1003792AB /* EMRecordDetailController.swift */; };
		4721464627659CAD003792AB /* EMCheckDataController.swift in Sources */ = {isa = PBXBuildFile; fileRef = 4721464527659CAD003792AB /* EMCheckDataController.swift */; };
		4721464827659CE1003792AB /* EMCheckDataCell.swift in Sources */ = {isa = PBXBuildFile; fileRef = 4721464727659CE1003792AB /* EMCheckDataCell.swift */; };
		4721464B2765C108003792AB /* EMPicVideoUploadController.swift in Sources */ = {isa = PBXBuildFile; fileRef = 4721464A2765C108003792AB /* EMPicVideoUploadController.swift */; };
		4721464D2765C397003792AB /* EMPicVideoUploadCell.swift in Sources */ = {isa = PBXBuildFile; fileRef = 4721464C2765C397003792AB /* EMPicVideoUploadCell.swift */; };
		474586DD2764F12000796950 /* EMRecordSelectView.swift in Sources */ = {isa = PBXBuildFile; fileRef = 474586D92764F12000796950 /* EMRecordSelectView.swift */; };
		474586DE2764F12000796950 /* EMChooseRecordController.swift in Sources */ = {isa = PBXBuildFile; fileRef = 474586DA2764F12000796950 /* EMChooseRecordController.swift */; };
		474586DF2764F12000796950 /* EMChooseElevatorMainController.swift in Sources */ = {isa = PBXBuildFile; fileRef = 474586DB2764F12000796950 /* EMChooseElevatorMainController.swift */; };
		474586E02764F12000796950 /* EMHistroyMainCell.swift in Sources */ = {isa = PBXBuildFile; fileRef = 474586DC2764F12000796950 /* EMHistroyMainCell.swift */; };
		474586E22764F13600796950 /* UIButton+Extension.swift in Sources */ = {isa = PBXBuildFile; fileRef = 474586E12764F13600796950 /* UIButton+Extension.swift */; };
		47E6C4F127361A53000FAA7D /* EMVideoRecordingController.swift in Sources */ = {isa = PBXBuildFile; fileRef = 47E6C4EF27361A53000FAA7D /* EMVideoRecordingController.swift */; };
		47E6C4F227361A53000FAA7D /* EMRecordBottomView.swift in Sources */ = {isa = PBXBuildFile; fileRef = 47E6C4F027361A53000FAA7D /* EMRecordBottomView.swift */; };
		47E6C4F627362A28000FAA7D /* EMConfig.swift in Sources */ = {isa = PBXBuildFile; fileRef = 47E6C4F527362A28000FAA7D /* EMConfig.swift */; };
		51D5659426E5BCD000B29DF6 /* AppDelegate.swift in Sources */ = {isa = PBXBuildFile; fileRef = 51D5659326E5BCD000B29DF6 /* AppDelegate.swift */; };
		51D5659B26E5BCD000B29DF6 /* Main.storyboard in Resources */ = {isa = PBXBuildFile; fileRef = 51D5659926E5BCD000B29DF6 /* Main.storyboard */; };
		51D5659D26E5BCD900B29DF6 /* Assets.xcassets in Resources */ = {isa = PBXBuildFile; fileRef = 51D5659C26E5BCD900B29DF6 /* Assets.xcassets */; };
		51D565A026E5BCD900B29DF6 /* LaunchScreen.storyboard in Resources */ = {isa = PBXBuildFile; fileRef = 51D5659E26E5BCD900B29DF6 /* LaunchScreen.storyboard */; };
		51D565CA26E60EFB00B29DF6 /* EMBaseViewController.swift in Sources */ = {isa = PBXBuildFile; fileRef = 51D565C926E60EFB00B29DF6 /* EMBaseViewController.swift */; };
		51D565CD26E73B7A00B29DF6 /* EMRequestAPI.swift in Sources */ = {isa = PBXBuildFile; fileRef = 51D565CC26E73B7A00B29DF6 /* EMRequestAPI.swift */; };
		6A2C5CA52754CC9500935161 /* EMAlertService.swift in Sources */ = {isa = PBXBuildFile; fileRef = 6A2C5CA42754CC9500935161 /* EMAlertService.swift */; };
		6A36C91C27781D2B00FF2961 /* EMListEntity.swift in Sources */ = {isa = PBXBuildFile; fileRef = 6A36C91B27781D2A00FF2961 /* EMListEntity.swift */; };
		6A3E775C2762DF6D003E0593 /* UIColor+Extension.swift in Sources */ = {isa = PBXBuildFile; fileRef = 6A3E775B2762DF6D003E0593 /* UIColor+Extension.swift */; };
		6A3E775E2762DF9A003E0593 /* UIView+Extension.swift in Sources */ = {isa = PBXBuildFile; fileRef = 6A3E775D2762DF9A003E0593 /* UIView+Extension.swift */; };
		6A3E77612762E96A003E0593 /* EMAlertController.swift in Sources */ = {isa = PBXBuildFile; fileRef = 6A3E77602762E96A003E0593 /* EMAlertController.swift */; };
		6A3E7764276345E9003E0593 /* EMRootController.swift in Sources */ = {isa = PBXBuildFile; fileRef = 6A3E7763276345E9003E0593 /* EMRootController.swift */; };
		6A3E776A2764633A003E0593 /* EMShadowView.swift in Sources */ = {isa = PBXBuildFile; fileRef = 6A3E77692764633A003E0593 /* EMShadowView.swift */; };
		6A3E776D27647CE0003E0593 /* EMSettingController.swift in Sources */ = {isa = PBXBuildFile; fileRef = 6A3E776C27647CE0003E0593 /* EMSettingController.swift */; };
		6A494570276EABAB00EF497A /* EMUploadListController.swift in Sources */ = {isa = PBXBuildFile; fileRef = 6A49456F276EABAB00EF497A /* EMUploadListController.swift */; };
		6A4ECF8D275C520500CE5F9C /* EMPickerService.swift in Sources */ = {isa = PBXBuildFile; fileRef = 6A4ECF8C275C520500CE5F9C /* EMPickerService.swift */; };
		6A663CA92759C58B001A3DBD /* EMPhotoService.swift in Sources */ = {isa = PBXBuildFile; fileRef = 6A663CA82759C58B001A3DBD /* EMPhotoService.swift */; };
		6A663CAC2759FB6E001A3DBD /* UIImage+Extension.swift in Sources */ = {isa = PBXBuildFile; fileRef = 6A663CAB2759FB6E001A3DBD /* UIImage+Extension.swift */; };
		6A663CAF275A0F0B001A3DBD /* EMReachabilityService.swift in Sources */ = {isa = PBXBuildFile; fileRef = 6A663CAE275A0F0B001A3DBD /* EMReachabilityService.swift */; };
		6A6D35EA276496540018E18B /* EMManageController.swift in Sources */ = {isa = PBXBuildFile; fileRef = 6A6D35E9276496540018E18B /* EMManageController.swift */; };
		6A6D35EC2764CADD0018E18B /* EMCreateController.swift in Sources */ = {isa = PBXBuildFile; fileRef = 6A6D35EB2764CADD0018E18B /* EMCreateController.swift */; };
		6A6D35EE2766EA750018E18B /* EMTextView.swift in Sources */ = {isa = PBXBuildFile; fileRef = 6A6D35ED2766EA750018E18B /* EMTextView.swift */; };
		6A987D8327367842002D7BC4 /* Localizable.strings in Resources */ = {isa = PBXBuildFile; fileRef = 6A987D8527367842002D7BC4 /* Localizable.strings */; };
		6A987D8827367DCD002D7BC4 /* EMLanguageSetting.swift in Sources */ = {isa = PBXBuildFile; fileRef = 6A987D8727367DCD002D7BC4 /* EMLanguageSetting.swift */; };
		6A987D8A27374919002D7BC4 /* EMObservable.swift in Sources */ = {isa = PBXBuildFile; fileRef = 6A987D8927374919002D7BC4 /* EMObservable.swift */; };
		6A987E90273A682B002D7BC4 /* EMBackgroundService.swift in Sources */ = {isa = PBXBuildFile; fileRef = 6A987E8F273A682B002D7BC4 /* EMBackgroundService.swift */; };
		6A987E92273A6901002D7BC4 /* EMUploadModel.swift in Sources */ = {isa = PBXBuildFile; fileRef = 6A987E91273A6901002D7BC4 /* EMUploadModel.swift */; };
		6AB364C32769DE0F007BAC7A /* PCDDeviceService.swift in Sources */ = {isa = PBXBuildFile; fileRef = 6AB364C22769DE0F007BAC7A /* PCDDeviceService.swift */; };
		A720F44DEA552B2CC72E13E0 /* Pods_ElevatorManagementSystem.framework in Frameworks */ = {isa = PBXBuildFile; fileRef = 13AF4C6D8494B79051CFF9DE /* Pods_ElevatorManagementSystem.framework */; };
/* End PBXBuildFile section */

/* Begin PBXFileReference section */
		0E2BAA88188339BFBB36E804 /* Pods-ElevatorManagementSystem.release.xcconfig */ = {isa = PBXFileReference; includeInIndex = 1; lastKnownFileType = text.xcconfig; name = "Pods-ElevatorManagementSystem.release.xcconfig"; path = "Target Support Files/Pods-ElevatorManagementSystem/Pods-ElevatorManagementSystem.release.xcconfig"; sourceTree = "<group>"; };
		13AF4C6D8494B79051CFF9DE /* Pods_ElevatorManagementSystem.framework */ = {isa = PBXFileReference; explicitFileType = wrapper.framework; includeInIndex = 0; path = Pods_ElevatorManagementSystem.framework; sourceTree = BUILT_PRODUCTS_DIR; };
		4721464327659AD1003792AB /* EMRecordDetailController.swift */ = {isa = PBXFileReference; lastKnownFileType = sourcecode.swift; path = EMRecordDetailController.swift; sourceTree = "<group>"; };
		4721464527659CAD003792AB /* EMCheckDataController.swift */ = {isa = PBXFileReference; lastKnownFileType = sourcecode.swift; path = EMCheckDataController.swift; sourceTree = "<group>"; };
		4721464727659CE1003792AB /* EMCheckDataCell.swift */ = {isa = PBXFileReference; lastKnownFileType = sourcecode.swift; path = EMCheckDataCell.swift; sourceTree = "<group>"; };
		4721464A2765C108003792AB /* EMPicVideoUploadController.swift */ = {isa = PBXFileReference; lastKnownFileType = sourcecode.swift; path = EMPicVideoUploadController.swift; sourceTree = "<group>"; };
		4721464C2765C397003792AB /* EMPicVideoUploadCell.swift */ = {isa = PBXFileReference; lastKnownFileType = sourcecode.swift; path = EMPicVideoUploadCell.swift; sourceTree = "<group>"; };
		474586D92764F12000796950 /* EMRecordSelectView.swift */ = {isa = PBXFileReference; fileEncoding = 4; lastKnownFileType = sourcecode.swift; path = EMRecordSelectView.swift; sourceTree = "<group>"; };
		474586DA2764F12000796950 /* EMChooseRecordController.swift */ = {isa = PBXFileReference; fileEncoding = 4; lastKnownFileType = sourcecode.swift; path = EMChooseRecordController.swift; sourceTree = "<group>"; };
		474586DB2764F12000796950 /* EMChooseElevatorMainController.swift */ = {isa = PBXFileReference; fileEncoding = 4; lastKnownFileType = sourcecode.swift; path = EMChooseElevatorMainController.swift; sourceTree = "<group>"; };
		474586DC2764F12000796950 /* EMHistroyMainCell.swift */ = {isa = PBXFileReference; fileEncoding = 4; lastKnownFileType = sourcecode.swift; path = EMHistroyMainCell.swift; sourceTree = "<group>"; };
		474586E12764F13600796950 /* UIButton+Extension.swift */ = {isa = PBXFileReference; fileEncoding = 4; lastKnownFileType = sourcecode.swift; path = "UIButton+Extension.swift"; sourceTree = "<group>"; };
		47E6C4EF27361A53000FAA7D /* EMVideoRecordingController.swift */ = {isa = PBXFileReference; fileEncoding = 4; lastKnownFileType = sourcecode.swift; path = EMVideoRecordingController.swift; sourceTree = "<group>"; };
		47E6C4F027361A53000FAA7D /* EMRecordBottomView.swift */ = {isa = PBXFileReference; fileEncoding = 4; lastKnownFileType = sourcecode.swift; path = EMRecordBottomView.swift; sourceTree = "<group>"; };
		47E6C4F527362A28000FAA7D /* EMConfig.swift */ = {isa = PBXFileReference; lastKnownFileType = sourcecode.swift; path = EMConfig.swift; sourceTree = "<group>"; };
		51D5659026E5BCD000B29DF6 /* ElevatorManagementSystem.app */ = {isa = PBXFileReference; explicitFileType = wrapper.application; includeInIndex = 0; path = ElevatorManagementSystem.app; sourceTree = BUILT_PRODUCTS_DIR; };
		51D5659326E5BCD000B29DF6 /* AppDelegate.swift */ = {isa = PBXFileReference; lastKnownFileType = sourcecode.swift; path = AppDelegate.swift; sourceTree = "<group>"; };
		51D5659A26E5BCD000B29DF6 /* Base */ = {isa = PBXFileReference; lastKnownFileType = file.storyboard; name = Base; path = Base.lproj/Main.storyboard; sourceTree = "<group>"; };
		51D5659C26E5BCD900B29DF6 /* Assets.xcassets */ = {isa = PBXFileReference; lastKnownFileType = folder.assetcatalog; path = Assets.xcassets; sourceTree = "<group>"; };
		51D5659F26E5BCD900B29DF6 /* Base */ = {isa = PBXFileReference; lastKnownFileType = file.storyboard; name = Base; path = Base.lproj/LaunchScreen.storyboard; sourceTree = "<group>"; };
		51D565A126E5BCD900B29DF6 /* Info.plist */ = {isa = PBXFileReference; lastKnownFileType = text.plist.xml; path = Info.plist; sourceTree = "<group>"; };
		51D565C926E60EFB00B29DF6 /* EMBaseViewController.swift */ = {isa = PBXFileReference; lastKnownFileType = sourcecode.swift; path = EMBaseViewController.swift; sourceTree = "<group>"; };
		51D565CC26E73B7A00B29DF6 /* EMRequestAPI.swift */ = {isa = PBXFileReference; lastKnownFileType = sourcecode.swift; path = EMRequestAPI.swift; sourceTree = "<group>"; };
		569A0E194BE18AC5BC06D3CA /* Pods-ElevatorManagementSystem.debug.xcconfig */ = {isa = PBXFileReference; includeInIndex = 1; lastKnownFileType = text.xcconfig; name = "Pods-ElevatorManagementSystem.debug.xcconfig"; path = "Target Support Files/Pods-ElevatorManagementSystem/Pods-ElevatorManagementSystem.debug.xcconfig"; sourceTree = "<group>"; };
		6A2C5CA42754CC9500935161 /* EMAlertService.swift */ = {isa = PBXFileReference; lastKnownFileType = sourcecode.swift; path = EMAlertService.swift; sourceTree = "<group>"; };
		6A36C91B27781D2A00FF2961 /* EMListEntity.swift */ = {isa = PBXFileReference; lastKnownFileType = sourcecode.swift; path = EMListEntity.swift; sourceTree = "<group>"; };
		6A3E775B2762DF6D003E0593 /* UIColor+Extension.swift */ = {isa = PBXFileReference; lastKnownFileType = sourcecode.swift; path = "UIColor+Extension.swift"; sourceTree = "<group>"; };
		6A3E775D2762DF9A003E0593 /* UIView+Extension.swift */ = {isa = PBXFileReference; lastKnownFileType = sourcecode.swift; path = "UIView+Extension.swift"; sourceTree = "<group>"; };
		6A3E77602762E96A003E0593 /* EMAlertController.swift */ = {isa = PBXFileReference; lastKnownFileType = sourcecode.swift; path = EMAlertController.swift; sourceTree = "<group>"; };
		6A3E7763276345E9003E0593 /* EMRootController.swift */ = {isa = PBXFileReference; lastKnownFileType = sourcecode.swift; path = EMRootController.swift; sourceTree = "<group>"; };
		6A3E77692764633A003E0593 /* EMShadowView.swift */ = {isa = PBXFileReference; lastKnownFileType = sourcecode.swift; path = EMShadowView.swift; sourceTree = "<group>"; };
		6A3E776C27647CE0003E0593 /* EMSettingController.swift */ = {isa = PBXFileReference; lastKnownFileType = sourcecode.swift; path = EMSettingController.swift; sourceTree = "<group>"; };
		6A49456F276EABAB00EF497A /* EMUploadListController.swift */ = {isa = PBXFileReference; lastKnownFileType = sourcecode.swift; path = EMUploadListController.swift; sourceTree = "<group>"; };
		6A4ECF8C275C520500CE5F9C /* EMPickerService.swift */ = {isa = PBXFileReference; lastKnownFileType = sourcecode.swift; path = EMPickerService.swift; sourceTree = "<group>"; };
		6A663CA82759C58B001A3DBD /* EMPhotoService.swift */ = {isa = PBXFileReference; lastKnownFileType = sourcecode.swift; path = EMPhotoService.swift; sourceTree = "<group>"; };
		6A663CAB2759FB6E001A3DBD /* UIImage+Extension.swift */ = {isa = PBXFileReference; lastKnownFileType = sourcecode.swift; path = "UIImage+Extension.swift"; sourceTree = "<group>"; };
		6A663CAE275A0F0B001A3DBD /* EMReachabilityService.swift */ = {isa = PBXFileReference; lastKnownFileType = sourcecode.swift; path = EMReachabilityService.swift; sourceTree = "<group>"; };
		6A6D35E9276496540018E18B /* EMManageController.swift */ = {isa = PBXFileReference; lastKnownFileType = sourcecode.swift; path = EMManageController.swift; sourceTree = "<group>"; };
		6A6D35EB2764CADD0018E18B /* EMCreateController.swift */ = {isa = PBXFileReference; lastKnownFileType = sourcecode.swift; path = EMCreateController.swift; sourceTree = "<group>"; };
		6A6D35ED2766EA750018E18B /* EMTextView.swift */ = {isa = PBXFileReference; lastKnownFileType = sourcecode.swift; path = EMTextView.swift; sourceTree = "<group>"; };
		6A987D7C27367711002D7BC4 /* zh-Hans */ = {isa = PBXFileReference; lastKnownFileType = text.plist.strings; name = "zh-Hans"; path = "zh-Hans.lproj/Main.strings"; sourceTree = "<group>"; };
		6A987D7D27367711002D7BC4 /* zh-Hans */ = {isa = PBXFileReference; lastKnownFileType = text.plist.strings; name = "zh-Hans"; path = "zh-Hans.lproj/LaunchScreen.strings"; sourceTree = "<group>"; };
		6A987D8427367842002D7BC4 /* en */ = {isa = PBXFileReference; lastKnownFileType = text.plist.strings; name = en; path = en.lproj/Localizable.strings; sourceTree = "<group>"; };
		6A987D8627367846002D7BC4 /* zh-Hans */ = {isa = PBXFileReference; lastKnownFileType = text.plist.strings; name = "zh-Hans"; path = "zh-Hans.lproj/Localizable.strings"; sourceTree = "<group>"; };
		6A987D8727367DCD002D7BC4 /* EMLanguageSetting.swift */ = {isa = PBXFileReference; lastKnownFileType = sourcecode.swift; path = EMLanguageSetting.swift; sourceTree = "<group>"; };
		6A987D8927374919002D7BC4 /* EMObservable.swift */ = {isa = PBXFileReference; fileEncoding = 4; lastKnownFileType = sourcecode.swift; path = EMObservable.swift; sourceTree = "<group>"; };
		6A987E8F273A682B002D7BC4 /* EMBackgroundService.swift */ = {isa = PBXFileReference; lastKnownFileType = sourcecode.swift; path = EMBackgroundService.swift; sourceTree = "<group>"; };
		6A987E91273A6901002D7BC4 /* EMUploadModel.swift */ = {isa = PBXFileReference; lastKnownFileType = sourcecode.swift; path = EMUploadModel.swift; sourceTree = "<group>"; };
		6AB364C22769DE0F007BAC7A /* PCDDeviceService.swift */ = {isa = PBXFileReference; lastKnownFileType = sourcecode.swift; path = PCDDeviceService.swift; sourceTree = "<group>"; };
		B3ABE2A88A57E5C73F6465B8 /* Pods-ElevatorManagementSystem.release.xcconfig */ = {isa = PBXFileReference; includeInIndex = 1; lastKnownFileType = text.xcconfig; name = "Pods-ElevatorManagementSystem.release.xcconfig"; path = "Target Support Files/Pods-ElevatorManagementSystem/Pods-ElevatorManagementSystem.release.xcconfig"; sourceTree = "<group>"; };
		BA96119891B7CDE6AF21BCA6 /* Pods-ElevatorManagementSystem.debug.xcconfig */ = {isa = PBXFileReference; includeInIndex = 1; lastKnownFileType = text.xcconfig; name = "Pods-ElevatorManagementSystem.debug.xcconfig"; path = "Target Support Files/Pods-ElevatorManagementSystem/Pods-ElevatorManagementSystem.debug.xcconfig"; sourceTree = "<group>"; };
/* End PBXFileReference section */

/* Begin PBXFrameworksBuildPhase section */
		51D5658D26E5BCD000B29DF6 /* Frameworks */ = {
			isa = PBXFrameworksBuildPhase;
			buildActionMask = 2147483647;
			files = (
				A720F44DEA552B2CC72E13E0 /* Pods_ElevatorManagementSystem.framework in Frameworks */,
			);
			runOnlyForDeploymentPostprocessing = 0;
		};
/* End PBXFrameworksBuildPhase section */

/* Begin PBXGroup section */
		472146492765C052003792AB /* VideoPicUpload */ = {
			isa = PBXGroup;
			children = (
				4721464A2765C108003792AB /* EMPicVideoUploadController.swift */,
				4721464C2765C397003792AB /* EMPicVideoUploadCell.swift */,
			);
			path = VideoPicUpload;
			sourceTree = "<group>";
		};
		474586D82764F12000796950 /* HistoryController */ = {
			isa = PBXGroup;
			children = (
				474586DB2764F12000796950 /* EMChooseElevatorMainController.swift */,
				474586DA2764F12000796950 /* EMChooseRecordController.swift */,
				4721464327659AD1003792AB /* EMRecordDetailController.swift */,
				4721464527659CAD003792AB /* EMCheckDataController.swift */,
				474586D92764F12000796950 /* EMRecordSelectView.swift */,
				474586DC2764F12000796950 /* EMHistroyMainCell.swift */,
				4721464727659CE1003792AB /* EMCheckDataCell.swift */,
			);
			path = HistoryController;
			sourceTree = "<group>";
		};
		47E6C4EE27361A53000FAA7D /* VideoRecording */ = {
			isa = PBXGroup;
			children = (
				47E6C4EF27361A53000FAA7D /* EMVideoRecordingController.swift */,
				47E6C4F027361A53000FAA7D /* EMRecordBottomView.swift */,
			);
			path = VideoRecording;
			sourceTree = "<group>";
		};
		47E6C4F4273629EB000FAA7D /* Config */ = {
			isa = PBXGroup;
			children = (
				47E6C4F527362A28000FAA7D /* EMConfig.swift */,
			);
			path = Config;
			sourceTree = "<group>";
		};
		51D5658726E5BCD000B29DF6 = {
			isa = PBXGroup;
			children = (
				51D5659226E5BCD000B29DF6 /* ElevatorManagementSystem */,
				51D5659126E5BCD000B29DF6 /* Products */,
				E9CB3AC9DA9EF18DA7EB7AE9 /* Pods */,
				8C1079C02639CAB5D5A8A509 /* Frameworks */,
			);
			sourceTree = "<group>";
		};
		51D5659126E5BCD000B29DF6 /* Products */ = {
			isa = PBXGroup;
			children = (
				51D5659026E5BCD000B29DF6 /* ElevatorManagementSystem.app */,
			);
			name = Products;
			sourceTree = "<group>";
		};
		51D5659226E5BCD000B29DF6 /* ElevatorManagementSystem */ = {
			isa = PBXGroup;
			children = (
				6A36C91A27781CA000FF2961 /* Models */,
				6A3E776627635481003E0593 /* View */,
				6A663CAA2759FB44001A3DBD /* Extension */,
				6A987D7B2736766E002D7BC4 /* Tools */,
				47E6C4F4273629EB000FAA7D /* Config */,
				51D565AD26E5FC4A00B29DF6 /* Lib */,
				51D565A726E5F3E400B29DF6 /* Controller */,
				51D5659326E5BCD000B29DF6 /* AppDelegate.swift */,
				51D5659C26E5BCD900B29DF6 /* Assets.xcassets */,
				6A987D8227367809002D7BC4 /* support */,
			);
			path = ElevatorManagementSystem;
			sourceTree = "<group>";
		};
		51D565A726E5F3E400B29DF6 /* Controller */ = {
			isa = PBXGroup;
			children = (
				6A49456E276EAB8600EF497A /* UploadList */,
				472146492765C052003792AB /* VideoPicUpload */,
				474586D82764F12000796950 /* HistoryController */,
				6A6D35E72764963A0018E18B /* Manage */,
				6A3E776B27647CC2003E0593 /* Setting */,
				6A3E7765276345F0003E0593 /* Root */,
				6A3E776227632A3B003E0593 /* EMAlertController */,
				47E6C4EE27361A53000FAA7D /* VideoRecording */,
				51D565C826E60EE600B29DF6 /* Base */,
			);
			path = Controller;
			sourceTree = "<group>";
		};
		51D565AD26E5FC4A00B29DF6 /* Lib */ = {
			isa = PBXGroup;
			children = (
				51D565CB26E73B4000B29DF6 /* ReqApi */,
			);
			path = Lib;
			sourceTree = "<group>";
		};
		51D565C826E60EE600B29DF6 /* Base */ = {
			isa = PBXGroup;
			children = (
				51D565C926E60EFB00B29DF6 /* EMBaseViewController.swift */,
			);
			path = Base;
			sourceTree = "<group>";
		};
		51D565CB26E73B4000B29DF6 /* ReqApi */ = {
			isa = PBXGroup;
			children = (
				51D565CC26E73B7A00B29DF6 /* EMRequestAPI.swift */,
			);
			path = ReqApi;
			sourceTree = "<group>";
		};
		6A2C5CA32754CC6400935161 /* Alert */ = {
			isa = PBXGroup;
			children = (
				6A2C5CA42754CC9500935161 /* EMAlertService.swift */,
			);
			path = Alert;
			sourceTree = "<group>";
		};
		6A36C91A27781CA000FF2961 /* Models */ = {
			isa = PBXGroup;
			children = (
				6A36C91B27781D2A00FF2961 /* EMListEntity.swift */,
			);
			path = Models;
			sourceTree = "<group>";
		};
		6A3E776227632A3B003E0593 /* EMAlertController */ = {
			isa = PBXGroup;
			children = (
				6A3E77602762E96A003E0593 /* EMAlertController.swift */,
			);
			path = EMAlertController;
			sourceTree = "<group>";
		};
		6A3E7765276345F0003E0593 /* Root */ = {
			isa = PBXGroup;
			children = (
				6A3E7763276345E9003E0593 /* EMRootController.swift */,
			);
			path = Root;
			sourceTree = "<group>";
		};
		6A3E776627635481003E0593 /* View */ = {
			isa = PBXGroup;
			children = (
				6A3E77692764633A003E0593 /* EMShadowView.swift */,
				6A6D35ED2766EA750018E18B /* EMTextView.swift */,
			);
			path = View;
			sourceTree = "<group>";
		};
		6A3E776B27647CC2003E0593 /* Setting */ = {
			isa = PBXGroup;
			children = (
				6A3E776C27647CE0003E0593 /* EMSettingController.swift */,
			);
			path = Setting;
			sourceTree = "<group>";
		};
		6A49456E276EAB8600EF497A /* UploadList */ = {
			isa = PBXGroup;
			children = (
				6A49456F276EABAB00EF497A /* EMUploadListController.swift */,
			);
			path = UploadList;
			sourceTree = "<group>";
		};
		6A4ECF8B275C51EB00CE5F9C /* Picker */ = {
			isa = PBXGroup;
			children = (
				6A4ECF8C275C520500CE5F9C /* EMPickerService.swift */,
			);
			path = Picker;
			sourceTree = "<group>";
		};
		6A663CA72759C567001A3DBD /* Photo */ = {
			isa = PBXGroup;
			children = (
				6A663CA82759C58B001A3DBD /* EMPhotoService.swift */,
			);
			path = Photo;
			sourceTree = "<group>";
		};
		6A663CAA2759FB44001A3DBD /* Extension */ = {
			isa = PBXGroup;
			children = (
				474586E12764F13600796950 /* UIButton+Extension.swift */,
				6A663CAB2759FB6E001A3DBD /* UIImage+Extension.swift */,
				6A3E775B2762DF6D003E0593 /* UIColor+Extension.swift */,
				6A3E775D2762DF9A003E0593 /* UIView+Extension.swift */,
			);
			path = Extension;
			sourceTree = "<group>";
		};
		6A663CAD275A0EF5001A3DBD /* Reachability */ = {
			isa = PBXGroup;
			children = (
				6A663CAE275A0F0B001A3DBD /* EMReachabilityService.swift */,
			);
			path = Reachability;
			sourceTree = "<group>";
		};
		6A6D35E72764963A0018E18B /* Manage */ = {
			isa = PBXGroup;
			children = (
				6A6D35E9276496540018E18B /* EMManageController.swift */,
				6A6D35EB2764CADD0018E18B /* EMCreateController.swift */,
			);
			path = Manage;
			sourceTree = "<group>";
		};
		6A987D7B2736766E002D7BC4 /* Tools */ = {
			isa = PBXGroup;
			children = (
				6AB364C12769DDF4007BAC7A /* Device */,
				6A4ECF8B275C51EB00CE5F9C /* Picker */,
				6A663CAD275A0EF5001A3DBD /* Reachability */,
				6A663CA72759C567001A3DBD /* Photo */,
				6A2C5CA32754CC6400935161 /* Alert */,
				6A987E8E273A65E2002D7BC4 /* BackgoundUpload */,
				6A987E8D273A65D4002D7BC4 /* Observable */,
				6A987E8C273A65BD002D7BC4 /* Language */,
			);
			path = Tools;
			sourceTree = "<group>";
		};
		6A987D8227367809002D7BC4 /* support */ = {
			isa = PBXGroup;
			children = (
				51D5659926E5BCD000B29DF6 /* Main.storyboard */,
				51D5659E26E5BCD900B29DF6 /* LaunchScreen.storyboard */,
				51D565A126E5BCD900B29DF6 /* Info.plist */,
				6A987D8527367842002D7BC4 /* Localizable.strings */,
			);
			name = support;
			sourceTree = "<group>";
		};
		6A987E8C273A65BD002D7BC4 /* Language */ = {
			isa = PBXGroup;
			children = (
				6A987D8727367DCD002D7BC4 /* EMLanguageSetting.swift */,
			);
			path = Language;
			sourceTree = "<group>";
		};
		6A987E8D273A65D4002D7BC4 /* Observable */ = {
			isa = PBXGroup;
			children = (
				6A987D8927374919002D7BC4 /* EMObservable.swift */,
			);
			path = Observable;
			sourceTree = "<group>";
		};
		6A987E8E273A65E2002D7BC4 /* BackgoundUpload */ = {
			isa = PBXGroup;
			children = (
				6A987E8F273A682B002D7BC4 /* EMBackgroundService.swift */,
				6A987E91273A6901002D7BC4 /* EMUploadModel.swift */,
			);
			path = BackgoundUpload;
			sourceTree = "<group>";
		};
		6AB364C12769DDF4007BAC7A /* Device */ = {
			isa = PBXGroup;
			children = (
				6AB364C22769DE0F007BAC7A /* PCDDeviceService.swift */,
			);
			path = Device;
			sourceTree = "<group>";
		};
		8C1079C02639CAB5D5A8A509 /* Frameworks */ = {
			isa = PBXGroup;
			children = (
				13AF4C6D8494B79051CFF9DE /* Pods_ElevatorManagementSystem.framework */,
			);
			name = Frameworks;
			sourceTree = "<group>";
		};
		E9CB3AC9DA9EF18DA7EB7AE9 /* Pods */ = {
			isa = PBXGroup;
			children = (
				569A0E194BE18AC5BC06D3CA /* Pods-ElevatorManagementSystem.debug.xcconfig */,
				0E2BAA88188339BFBB36E804 /* Pods-ElevatorManagementSystem.release.xcconfig */,
				BA96119891B7CDE6AF21BCA6 /* Pods-ElevatorManagementSystem.debug.xcconfig */,
				B3ABE2A88A57E5C73F6465B8 /* Pods-ElevatorManagementSystem.release.xcconfig */,
			);
			path = Pods;
			sourceTree = "<group>";
		};
/* End PBXGroup section */

/* Begin PBXNativeTarget section */
		51D5658F26E5BCD000B29DF6 /* ElevatorManagementSystem */ = {
			isa = PBXNativeTarget;
			buildConfigurationList = 51D565A426E5BCD900B29DF6 /* Build configuration list for PBXNativeTarget "ElevatorManagementSystem" */;
			buildPhases = (
				DE66313E2B1FF4C014151079 /* [CP] Check Pods Manifest.lock */,
				51D5658C26E5BCD000B29DF6 /* Sources */,
				51D5658D26E5BCD000B29DF6 /* Frameworks */,
				51D5658E26E5BCD000B29DF6 /* Resources */,
				86E2538B8E64D0955A6FEF01 /* [CP] Embed Pods Frameworks */,
			);
			buildRules = (
			);
			dependencies = (
			);
			name = ElevatorManagementSystem;
			productName = ElevatorManagementSystem;
			productReference = 51D5659026E5BCD000B29DF6 /* ElevatorManagementSystem.app */;
			productType = "com.apple.product-type.application";
		};
/* End PBXNativeTarget section */

/* Begin PBXProject section */
		51D5658826E5BCD000B29DF6 /* Project object */ = {
			isa = PBXProject;
			attributes = {
				CLASSPREFIX = EM;
				LastSwiftUpdateCheck = 1250;
				LastUpgradeCheck = 1250;
				TargetAttributes = {
					51D5658F26E5BCD000B29DF6 = {
						CreatedOnToolsVersion = 12.5;
					};
				};
			};
			buildConfigurationList = 51D5658B26E5BCD000B29DF6 /* Build configuration list for PBXProject "ElevatorManagementSystem" */;
			compatibilityVersion = "Xcode 9.3";
			developmentRegion = en;
			hasScannedForEncodings = 0;
			knownRegions = (
				en,
				Base,
				"zh-Hans",
			);
			mainGroup = 51D5658726E5BCD000B29DF6;
			productRefGroup = 51D5659126E5BCD000B29DF6 /* Products */;
			projectDirPath = "";
			projectRoot = "";
			targets = (
				51D5658F26E5BCD000B29DF6 /* ElevatorManagementSystem */,
			);
		};
/* End PBXProject section */

/* Begin PBXResourcesBuildPhase section */
		51D5658E26E5BCD000B29DF6 /* Resources */ = {
			isa = PBXResourcesBuildPhase;
			buildActionMask = 2147483647;
			files = (
				51D565A026E5BCD900B29DF6 /* LaunchScreen.storyboard in Resources */,
				6A987D8327367842002D7BC4 /* Localizable.strings in Resources */,
				51D5659D26E5BCD900B29DF6 /* Assets.xcassets in Resources */,
				51D5659B26E5BCD000B29DF6 /* Main.storyboard in Resources */,
			);
			runOnlyForDeploymentPostprocessing = 0;
		};
/* End PBXResourcesBuildPhase section */

/* Begin PBXShellScriptBuildPhase section */
		86E2538B8E64D0955A6FEF01 /* [CP] Embed Pods Frameworks */ = {
			isa = PBXShellScriptBuildPhase;
			buildActionMask = 2147483647;
			files = (
			);
			inputFileListPaths = (
				"${PODS_ROOT}/Target Support Files/Pods-ElevatorManagementSystem/Pods-ElevatorManagementSystem-frameworks-${CONFIGURATION}-input-files.xcfilelist",
			);
			name = "[CP] Embed Pods Frameworks";
			outputFileListPaths = (
				"${PODS_ROOT}/Target Support Files/Pods-ElevatorManagementSystem/Pods-ElevatorManagementSystem-frameworks-${CONFIGURATION}-output-files.xcfilelist",
			);
			runOnlyForDeploymentPostprocessing = 0;
			shellPath = /bin/sh;
			shellScript = "\"${PODS_ROOT}/Target Support Files/Pods-ElevatorManagementSystem/Pods-ElevatorManagementSystem-frameworks.sh\"\n";
			showEnvVarsInLog = 0;
		};
		DE66313E2B1FF4C014151079 /* [CP] Check Pods Manifest.lock */ = {
			isa = PBXShellScriptBuildPhase;
			buildActionMask = 2147483647;
			files = (
			);
			inputFileListPaths = (
			);
			inputPaths = (
				"${PODS_PODFILE_DIR_PATH}/Podfile.lock",
				"${PODS_ROOT}/Manifest.lock",
			);
			name = "[CP] Check Pods Manifest.lock";
			outputFileListPaths = (
			);
			outputPaths = (
				"$(DERIVED_FILE_DIR)/Pods-ElevatorManagementSystem-checkManifestLockResult.txt",
			);
			runOnlyForDeploymentPostprocessing = 0;
			shellPath = /bin/sh;
			shellScript = "diff \"${PODS_PODFILE_DIR_PATH}/Podfile.lock\" \"${PODS_ROOT}/Manifest.lock\" > /dev/null\nif [ $? != 0 ] ; then\n    # print error to STDERR\n    echo \"error: The sandbox is not in sync with the Podfile.lock. Run 'pod install' or update your CocoaPods installation.\" >&2\n    exit 1\nfi\n# This output is used by Xcode 'outputs' to avoid re-running this script phase.\necho \"SUCCESS\" > \"${SCRIPT_OUTPUT_FILE_0}\"\n";
			showEnvVarsInLog = 0;
		};
/* End PBXShellScriptBuildPhase section */

/* Begin PBXSourcesBuildPhase section */
		51D5658C26E5BCD000B29DF6 /* Sources */ = {
			isa = PBXSourcesBuildPhase;
			buildActionMask = 2147483647;
			files = (
				47E6C4F227361A53000FAA7D /* EMRecordBottomView.swift in Sources */,
				6A2C5CA52754CC9500935161 /* EMAlertService.swift in Sources */,
				474586DF2764F12000796950 /* EMChooseElevatorMainController.swift in Sources */,
				47E6C4F627362A28000FAA7D /* EMConfig.swift in Sources */,
				474586DD2764F12000796950 /* EMRecordSelectView.swift in Sources */,
				6A987E92273A6901002D7BC4 /* EMUploadModel.swift in Sources */,
				6A3E775C2762DF6D003E0593 /* UIColor+Extension.swift in Sources */,
				4721464427659AD1003792AB /* EMRecordDetailController.swift in Sources */,
				6A6D35EC2764CADD0018E18B /* EMCreateController.swift in Sources */,
				51D565CD26E73B7A00B29DF6 /* EMRequestAPI.swift in Sources */,
				6A494570276EABAB00EF497A /* EMUploadListController.swift in Sources */,
				4721464627659CAD003792AB /* EMCheckDataController.swift in Sources */,
				6AB364C32769DE0F007BAC7A /* PCDDeviceService.swift in Sources */,
				474586DE2764F12000796950 /* EMChooseRecordController.swift in Sources */,
				6A3E776A2764633A003E0593 /* EMShadowView.swift in Sources */,
				6A987D8827367DCD002D7BC4 /* EMLanguageSetting.swift in Sources */,
				6A663CA92759C58B001A3DBD /* EMPhotoService.swift in Sources */,
				6A987E90273A682B002D7BC4 /* EMBackgroundService.swift in Sources */,
				47E6C4F127361A53000FAA7D /* EMVideoRecordingController.swift in Sources */,
				474586E22764F13600796950 /* UIButton+Extension.swift in Sources */,
				6A663CAF275A0F0B001A3DBD /* EMReachabilityService.swift in Sources */,
				6A3E776D27647CE0003E0593 /* EMSettingController.swift in Sources */,
				6A6D35EE2766EA750018E18B /* EMTextView.swift in Sources */,
				6A987D8A27374919002D7BC4 /* EMObservable.swift in Sources */,
				6A3E775E2762DF9A003E0593 /* UIView+Extension.swift in Sources */,
				6A3E77612762E96A003E0593 /* EMAlertController.swift in Sources */,
				4721464D2765C397003792AB /* EMPicVideoUploadCell.swift in Sources */,
				51D5659426E5BCD000B29DF6 /* AppDelegate.swift in Sources */,
				4721464B2765C108003792AB /* EMPicVideoUploadController.swift in Sources */,
				6A663CAC2759FB6E001A3DBD /* UIImage+Extension.swift in Sources */,
				474586E02764F12000796950 /* EMHistroyMainCell.swift in Sources */,
				4721464827659CE1003792AB /* EMCheckDataCell.swift in Sources */,
				6A36C91C27781D2B00FF2961 /* EMListEntity.swift in Sources */,
				6A4ECF8D275C520500CE5F9C /* EMPickerService.swift in Sources */,
				6A6D35EA276496540018E18B /* EMManageController.swift in Sources */,
				51D565CA26E60EFB00B29DF6 /* EMBaseViewController.swift in Sources */,
				6A3E7764276345E9003E0593 /* EMRootController.swift in Sources */,
			);
			runOnlyForDeploymentPostprocessing = 0;
		};
/* End PBXSourcesBuildPhase section */

/* Begin PBXVariantGroup section */
		51D5659926E5BCD000B29DF6 /* Main.storyboard */ = {
			isa = PBXVariantGroup;
			children = (
				51D5659A26E5BCD000B29DF6 /* Base */,
				6A987D7C27367711002D7BC4 /* zh-Hans */,
			);
			name = Main.storyboard;
			sourceTree = "<group>";
		};
		51D5659E26E5BCD900B29DF6 /* LaunchScreen.storyboard */ = {
			isa = PBXVariantGroup;
			children = (
				51D5659F26E5BCD900B29DF6 /* Base */,
				6A987D7D27367711002D7BC4 /* zh-Hans */,
			);
			name = LaunchScreen.storyboard;
			sourceTree = "<group>";
		};
		6A987D8527367842002D7BC4 /* Localizable.strings */ = {
			isa = PBXVariantGroup;
			children = (
				6A987D8427367842002D7BC4 /* en */,
				6A987D8627367846002D7BC4 /* zh-Hans */,
			);
			name = Localizable.strings;
			sourceTree = "<group>";
		};
/* End PBXVariantGroup section */

/* Begin XCBuildConfiguration section */
		51D565A226E5BCD900B29DF6 /* Debug */ = {
			isa = XCBuildConfiguration;
			buildSettings = {
				ALWAYS_SEARCH_USER_PATHS = NO;
				CLANG_ANALYZER_LOCALIZABILITY_NONLOCALIZED = YES;
				CLANG_ANALYZER_NONNULL = YES;
				CLANG_ANALYZER_NUMBER_OBJECT_CONVERSION = YES_AGGRESSIVE;
				CLANG_CXX_LANGUAGE_STANDARD = "gnu++14";
				CLANG_CXX_LIBRARY = "libc++";
				CLANG_ENABLE_MODULES = YES;
				CLANG_ENABLE_OBJC_ARC = YES;
				CLANG_ENABLE_OBJC_WEAK = YES;
				CLANG_WARN_BLOCK_CAPTURE_AUTORELEASING = YES;
				CLANG_WARN_BOOL_CONVERSION = YES;
				CLANG_WARN_COMMA = YES;
				CLANG_WARN_CONSTANT_CONVERSION = YES;
				CLANG_WARN_DEPRECATED_OBJC_IMPLEMENTATIONS = YES;
				CLANG_WARN_DIRECT_OBJC_ISA_USAGE = YES_ERROR;
				CLANG_WARN_DOCUMENTATION_COMMENTS = YES;
				CLANG_WARN_EMPTY_BODY = YES;
				CLANG_WARN_ENUM_CONVERSION = YES;
				CLANG_WARN_INFINITE_RECURSION = YES;
				CLANG_WARN_INT_CONVERSION = YES;
				CLANG_WARN_NON_LITERAL_NULL_CONVERSION = YES;
				CLANG_WARN_OBJC_IMPLICIT_RETAIN_SELF = YES;
				CLANG_WARN_OBJC_LITERAL_CONVERSION = YES;
				CLANG_WARN_OBJC_ROOT_CLASS = YES_ERROR;
				CLANG_WARN_QUOTED_INCLUDE_IN_FRAMEWORK_HEADER = YES;
				CLANG_WARN_RANGE_LOOP_ANALYSIS = YES;
				CLANG_WARN_STRICT_PROTOTYPES = YES;
				CLANG_WARN_SUSPICIOUS_MOVE = YES;
				CLANG_WARN_UNGUARDED_AVAILABILITY = YES_AGGRESSIVE;
				CLANG_WARN_UNREACHABLE_CODE = YES;
				CLANG_WARN__DUPLICATE_METHOD_MATCH = YES;
				COPY_PHASE_STRIP = NO;
				DEBUG_INFORMATION_FORMAT = dwarf;
				ENABLE_STRICT_OBJC_MSGSEND = YES;
				ENABLE_TESTABILITY = YES;
				GCC_C_LANGUAGE_STANDARD = gnu11;
				GCC_DYNAMIC_NO_PIC = NO;
				GCC_NO_COMMON_BLOCKS = YES;
				GCC_OPTIMIZATION_LEVEL = 0;
				GCC_PREPROCESSOR_DEFINITIONS = (
					"DEBUG=1",
					"$(inherited)",
				);
				GCC_WARN_64_TO_32_BIT_CONVERSION = YES;
				GCC_WARN_ABOUT_RETURN_TYPE = YES_ERROR;
				GCC_WARN_UNDECLARED_SELECTOR = YES;
				GCC_WARN_UNINITIALIZED_AUTOS = YES_AGGRESSIVE;
				GCC_WARN_UNUSED_FUNCTION = YES;
				GCC_WARN_UNUSED_VARIABLE = YES;
				IPHONEOS_DEPLOYMENT_TARGET = 14.5;
				MTL_ENABLE_DEBUG_INFO = INCLUDE_SOURCE;
				MTL_FAST_MATH = YES;
				ONLY_ACTIVE_ARCH = YES;
				SDKROOT = iphoneos;
				SWIFT_ACTIVE_COMPILATION_CONDITIONS = DEBUG;
				SWIFT_OPTIMIZATION_LEVEL = "-Onone";
			};
			name = Debug;
		};
		51D565A326E5BCD900B29DF6 /* Release */ = {
			isa = XCBuildConfiguration;
			buildSettings = {
				ALWAYS_SEARCH_USER_PATHS = NO;
				CLANG_ANALYZER_LOCALIZABILITY_NONLOCALIZED = YES;
				CLANG_ANALYZER_NONNULL = YES;
				CLANG_ANALYZER_NUMBER_OBJECT_CONVERSION = YES_AGGRESSIVE;
				CLANG_CXX_LANGUAGE_STANDARD = "gnu++14";
				CLANG_CXX_LIBRARY = "libc++";
				CLANG_ENABLE_MODULES = YES;
				CLANG_ENABLE_OBJC_ARC = YES;
				CLANG_ENABLE_OBJC_WEAK = YES;
				CLANG_WARN_BLOCK_CAPTURE_AUTORELEASING = YES;
				CLANG_WARN_BOOL_CONVERSION = YES;
				CLANG_WARN_COMMA = YES;
				CLANG_WARN_CONSTANT_CONVERSION = YES;
				CLANG_WARN_DEPRECATED_OBJC_IMPLEMENTATIONS = YES;
				CLANG_WARN_DIRECT_OBJC_ISA_USAGE = YES_ERROR;
				CLANG_WARN_DOCUMENTATION_COMMENTS = YES;
				CLANG_WARN_EMPTY_BODY = YES;
				CLANG_WARN_ENUM_CONVERSION = YES;
				CLANG_WARN_INFINITE_RECURSION = YES;
				CLANG_WARN_INT_CONVERSION = YES;
				CLANG_WARN_NON_LITERAL_NULL_CONVERSION = YES;
				CLANG_WARN_OBJC_IMPLICIT_RETAIN_SELF = YES;
				CLANG_WARN_OBJC_LITERAL_CONVERSION = YES;
				CLANG_WARN_OBJC_ROOT_CLASS = YES_ERROR;
				CLANG_WARN_QUOTED_INCLUDE_IN_FRAMEWORK_HEADER = YES;
				CLANG_WARN_RANGE_LOOP_ANALYSIS = YES;
				CLANG_WARN_STRICT_PROTOTYPES = YES;
				CLANG_WARN_SUSPICIOUS_MOVE = YES;
				CLANG_WARN_UNGUARDED_AVAILABILITY = YES_AGGRESSIVE;
				CLANG_WARN_UNREACHABLE_CODE = YES;
				CLANG_WARN__DUPLICATE_METHOD_MATCH = YES;
				COPY_PHASE_STRIP = NO;
				DEBUG_INFORMATION_FORMAT = "dwarf-with-dsym";
				ENABLE_NS_ASSERTIONS = NO;
				ENABLE_STRICT_OBJC_MSGSEND = YES;
				GCC_C_LANGUAGE_STANDARD = gnu11;
				GCC_NO_COMMON_BLOCKS = YES;
				GCC_WARN_64_TO_32_BIT_CONVERSION = YES;
				GCC_WARN_ABOUT_RETURN_TYPE = YES_ERROR;
				GCC_WARN_UNDECLARED_SELECTOR = YES;
				GCC_WARN_UNINITIALIZED_AUTOS = YES_AGGRESSIVE;
				GCC_WARN_UNUSED_FUNCTION = YES;
				GCC_WARN_UNUSED_VARIABLE = YES;
				IPHONEOS_DEPLOYMENT_TARGET = 14.5;
				MTL_ENABLE_DEBUG_INFO = NO;
				MTL_FAST_MATH = YES;
				SDKROOT = iphoneos;
				SWIFT_COMPILATION_MODE = wholemodule;
				SWIFT_OPTIMIZATION_LEVEL = "-O";
				VALIDATE_PRODUCT = YES;
			};
			name = Release;
		};
		51D565A526E5BCD900B29DF6 /* Debug */ = {
			isa = XCBuildConfiguration;
			baseConfigurationReference = BA96119891B7CDE6AF21BCA6 /* Pods-ElevatorManagementSystem.debug.xcconfig */;
			buildSettings = {
				ASSETCATALOG_COMPILER_APPICON_NAME = AppIcon;
				ASSETCATALOG_COMPILER_GLOBAL_ACCENT_COLOR_NAME = AccentColor;
				ASSETCATALOG_COMPILER_LAUNCHIMAGE_NAME = "";
				CODE_SIGN_IDENTITY = "Apple Development";
				CODE_SIGN_STYLE = Automatic;
				DEVELOPMENT_TEAM = LC2MMHMX24;
				INFOPLIST_FILE = ElevatorManagementSystem/Info.plist;
				IPHONEOS_DEPLOYMENT_TARGET = 10.0;
				LD_RUNPATH_SEARCH_PATHS = (
					"$(inherited)",
					"@executable_path/Frameworks",
				);
				PRODUCT_BUNDLE_IDENTIFIER = com.ylg.demos;
				PRODUCT_NAME = "$(TARGET_NAME)";
				PROVISIONING_PROFILE_SPECIFIER = "";
				SWIFT_VERSION = 5.0;
				TARGETED_DEVICE_FAMILY = "1,2";
			};
			name = Debug;
		};
		51D565A626E5BCD900B29DF6 /* Release */ = {
			isa = XCBuildConfiguration;
			baseConfigurationReference = B3ABE2A88A57E5C73F6465B8 /* Pods-ElevatorManagementSystem.release.xcconfig */;
			buildSettings = {
				ASSETCATALOG_COMPILER_APPICON_NAME = AppIcon;
				ASSETCATALOG_COMPILER_GLOBAL_ACCENT_COLOR_NAME = AccentColor;
				ASSETCATALOG_COMPILER_LAUNCHIMAGE_NAME = "";
				CODE_SIGN_IDENTITY = "Apple Development";
				CODE_SIGN_STYLE = Automatic;
				DEVELOPMENT_TEAM = 25ARAZF4FX;
				INFOPLIST_FILE = ElevatorManagementSystem/Info.plist;
				IPHONEOS_DEPLOYMENT_TARGET = 10.0;
				LD_RUNPATH_SEARCH_PATHS = (
					"$(inherited)",
					"@executable_path/Frameworks",
				);
				PRODUCT_BUNDLE_IDENTIFIER = com.ylg.demos;
				PRODUCT_NAME = "$(TARGET_NAME)";
				PROVISIONING_PROFILE_SPECIFIER = "";
				SWIFT_VERSION = 5.0;
				TARGETED_DEVICE_FAMILY = "1,2";
			};
			name = Release;
		};
/* End XCBuildConfiguration section */

/* Begin XCConfigurationList section */
		51D5658B26E5BCD000B29DF6 /* Build configuration list for PBXProject "ElevatorManagementSystem" */ = {
			isa = XCConfigurationList;
			buildConfigurations = (
				51D565A226E5BCD900B29DF6 /* Debug */,
				51D565A326E5BCD900B29DF6 /* Release */,
			);
			defaultConfigurationIsVisible = 0;
			defaultConfigurationName = Release;
		};
		51D565A426E5BCD900B29DF6 /* Build configuration list for PBXNativeTarget "ElevatorManagementSystem" */ = {
			isa = XCConfigurationList;
			buildConfigurations = (
				51D565A526E5BCD900B29DF6 /* Debug */,
				51D565A626E5BCD900B29DF6 /* Release */,
			);
			defaultConfigurationIsVisible = 0;
			defaultConfigurationName = Release;
		};
/* End XCConfigurationList section */
	};
	rootObject = 51D5658826E5BCD000B29DF6 /* Project object */;
}
